
Microsoft Visual Studio Solution File, Format Version 9.00
# Visual Studio 2005
Project("{8BC9CEB8-8B4A-11D0-8D11-00A0C91BC942}") = "GameSvr", "GameSvr.vcproj", "{9FD79D54-A610-4230-ABEF-B7B80ED7E70E}"
	ProjectSection(ProjectDependencies) = postProject
		{B47F1F00-54C9-4D7B-87CD-8FF5DBFD5F4E} = {B47F1F00-54C9-4D7B-87CD-8FF5DBFD5F4E}
	EndProjectSection
EndProject
Project("{8BC9CEB8-8B4A-11D0-8D11-00A0C91BC942}") = "GodMode", "..\GodMode\GodMode.vcproj", "{0A6D227D-8BB1-4FE4-9380-DB2A035C9467}"
EndProject
Project("{8BC9CEB8-8B4A-11D0-8D11-00A0C91BC942}") = "SafeRun", "..\SafeRun\SafeRun.vcproj", "{C0D6595F-C90D-4B8E-A5F9-40079DE50F48}"
	ProjectSection(ProjectDependencies) = postProject
		{B47F1F00-54C9-4D7B-87CD-8FF5DBFD5F4E} = {B47F1F00-54C9-4D7B-87CD-8FF5DBFD5F4E}
		{A1838E41-ABE6-4F21-9D7B-76AA23CC425D} = {A1838E41-ABE6-4F21-9D7B-76AA23CC425D}
	EndProjectSection
EndProject
Project("{8BC9CEB8-8B4A-11D0-8D11-00A0C91BC942}") = "lib_json", "..\lib_json\lib_json.vcproj", "{A1838E41-ABE6-4F21-9D7B-76AA23CC425D}"
EndProject
Project("{2150E333-8FDC-42A3-9474-1A3956D46DE8}") = "解决方案项目", "解决方案项目", "{8A818D07-C319-4D3E-B60B-12E4ACC036BF}"
EndProject
Project("{8BC9CEB8-8B4A-11D0-8D11-00A0C91BC942}") = "lib_judger", "..\lib_judger\lib_judger.vcproj", "{E95C8E07-74C8-4099-8DAF-198ADA5D903A}"
	ProjectSection(ProjectDependencies) = postProject
		{B47F1F00-54C9-4D7B-87CD-8FF5DBFD5F4E} = {B47F1F00-54C9-4D7B-87CD-8FF5DBFD5F4E}
	EndProjectSection
EndProject
Project("{8BC9CEB8-8B4A-11D0-8D11-00A0C91BC942}") = "judger_othello", "..\judger_othello\judger_othello.vcproj", "{DC32CDFE-649D-41B8-A50D-2FD6EC9E9298}"
	ProjectSection(ProjectDependencies) = postProject
		{E95C8E07-74C8-4099-8DAF-198ADA5D903A} = {E95C8E07-74C8-4099-8DAF-198ADA5D903A}
		{B47F1F00-54C9-4D7B-87CD-8FF5DBFD5F4E} = {B47F1F00-54C9-4D7B-87CD-8FF5DBFD5F4E}
	EndProjectSection
EndProject
Project("{8BC9CEB8-8B4A-11D0-8D11-00A0C91BC942}") = "lib_common", "..\lib_common\lib_common.vcproj", "{B47F1F00-54C9-4D7B-87CD-8FF5DBFD5F4E}"
EndProject
Project("{8BC9CEB8-8B4A-11D0-8D11-00A0C91BC942}") = "judger_rps", "..\judger_rps\judger_rps.vcproj", "{37232FF5-E520-48E0-8DFB-3C65668097F7}"
	ProjectSection(ProjectDependencies) = postProject
		{B47F1F00-54C9-4D7B-87CD-8FF5DBFD5F4E} = {B47F1F00-54C9-4D7B-87CD-8FF5DBFD5F4E}
		{E95C8E07-74C8-4099-8DAF-198ADA5D903A} = {E95C8E07-74C8-4099-8DAF-198ADA5D903A}
	EndProjectSection
EndProject
Global
	GlobalSection(SolutionConfigurationPlatforms) = preSolution
		Debug|Win32 = Debug|Win32
		Release_Svr|Win32 = Release_Svr|Win32
		Release|Win32 = Release|Win32
	EndGlobalSection
	GlobalSection(ProjectConfigurationPlatforms) = postSolution
		{9FD79D54-A610-4230-ABEF-B7B80ED7E70E}.Debug|Win32.ActiveCfg = Debug|Win32
		{9FD79D54-A610-4230-ABEF-B7B80ED7E70E}.Debug|Win32.Build.0 = Debug|Win32
		{9FD79D54-A610-4230-ABEF-B7B80ED7E70E}.Release_Svr|Win32.ActiveCfg = Release_Svr|Win32
		{9FD79D54-A610-4230-ABEF-B7B80ED7E70E}.Release_Svr|Win32.Build.0 = Release_Svr|Win32
		{9FD79D54-A610-4230-ABEF-B7B80ED7E70E}.Release|Win32.ActiveCfg = Release|Win32
		{9FD79D54-A610-4230-ABEF-B7B80ED7E70E}.Release|Win32.Build.0 = Release|Win32
		{0A6D227D-8BB1-4FE4-9380-DB2A035C9467}.Debug|Win32.ActiveCfg = Debug|Win32
		{0A6D227D-8BB1-4FE4-9380-DB2A035C9467}.Debug|Win32.Build.0 = Debug|Win32
		{0A6D227D-8BB1-4FE4-9380-DB2A035C9467}.Release_Svr|Win32.ActiveCfg = Release|Win32
		{0A6D227D-8BB1-4FE4-9380-DB2A035C9467}.Release|Win32.ActiveCfg = Release|Win32
		{0A6D227D-8BB1-4FE4-9380-DB2A035C9467}.Release|Win32.Build.0 = Release|Win32
		{C0D6595F-C90D-4B8E-A5F9-40079DE50F48}.Debug|Win32.ActiveCfg = Debug|Win32
		{C0D6595F-C90D-4B8E-A5F9-40079DE50F48}.Debug|Win32.Build.0 = Debug|Win32
		{C0D6595F-C90D-4B8E-A5F9-40079DE50F48}.Release_Svr|Win32.ActiveCfg = Release|Win32
		{C0D6595F-C90D-4B8E-A5F9-40079DE50F48}.Release_Svr|Win32.Build.0 = Release|Win32
		{C0D6595F-C90D-4B8E-A5F9-40079DE50F48}.Release|Win32.ActiveCfg = Release|Win32
		{C0D6595F-C90D-4B8E-A5F9-40079DE50F48}.Release|Win32.Build.0 = Release|Win32
		{A1838E41-ABE6-4F21-9D7B-76AA23CC425D}.Debug|Win32.ActiveCfg = Debug|Win32
		{A1838E41-ABE6-4F21-9D7B-76AA23CC425D}.Debug|Win32.Build.0 = Debug|Win32
		{A1838E41-ABE6-4F21-9D7B-76AA23CC425D}.Release_Svr|Win32.ActiveCfg = Release|Win32
		{A1838E41-ABE6-4F21-9D7B-76AA23CC425D}.Release|Win32.ActiveCfg = Release|Win32
		{A1838E41-ABE6-4F21-9D7B-76AA23CC425D}.Release|Win32.Build.0 = Release|Win32
		{E95C8E07-74C8-4099-8DAF-198ADA5D903A}.Debug|Win32.ActiveCfg = Debug|Win32
		{E95C8E07-74C8-4099-8DAF-198ADA5D903A}.Debug|Win32.Build.0 = Debug|Win32
		{E95C8E07-74C8-4099-8DAF-198ADA5D903A}.Release_Svr|Win32.ActiveCfg = Release|Win32
		{E95C8E07-74C8-4099-8DAF-198ADA5D903A}.Release_Svr|Win32.Build.0 = Release|Win32
		{E95C8E07-74C8-4099-8DAF-198ADA5D903A}.Release|Win32.ActiveCfg = Release|Win32
		{E95C8E07-74C8-4099-8DAF-198ADA5D903A}.Release|Win32.Build.0 = Release|Win32
		{DC32CDFE-649D-41B8-A50D-2FD6EC9E9298}.Debug|Win32.ActiveCfg = Debug|Win32
		{DC32CDFE-649D-41B8-A50D-2FD6EC9E9298}.Debug|Win32.Build.0 = Debug|Win32
		{DC32CDFE-649D-41B8-A50D-2FD6EC9E9298}.Release_Svr|Win32.ActiveCfg = Release|Win32
		{DC32CDFE-649D-41B8-A50D-2FD6EC9E9298}.Release_Svr|Win32.Build.0 = Release|Win32
		{DC32CDFE-649D-41B8-A50D-2FD6EC9E9298}.Release|Win32.ActiveCfg = Release|Win32
		{DC32CDFE-649D-41B8-A50D-2FD6EC9E9298}.Release|Win32.Build.0 = Release|Win32
		{B47F1F00-54C9-4D7B-87CD-8FF5DBFD5F4E}.Debug|Win32.ActiveCfg = Debug|Win32
		{B47F1F00-54C9-4D7B-87CD-8FF5DBFD5F4E}.Debug|Win32.Build.0 = Debug|Win32
		{B47F1F00-54C9-4D7B-87CD-8FF5DBFD5F4E}.Release_Svr|Win32.ActiveCfg = Release|Win32
		{B47F1F00-54C9-4D7B-87CD-8FF5DBFD5F4E}.Release_Svr|Win32.Build.0 = Release|Win32
		{B47F1F00-54C9-4D7B-87CD-8FF5DBFD5F4E}.Release|Win32.ActiveCfg = Release|Win32
		{B47F1F00-54C9-4D7B-87CD-8FF5DBFD5F4E}.Release|Win32.Build.0 = Release|Win32
		{37232FF5-E520-48E0-8DFB-3C65668097F7}.Debug|Win32.ActiveCfg = Debug|Win32
		{37232FF5-E520-48E0-8DFB-3C65668097F7}.Debug|Win32.Build.0 = Debug|Win32
		{37232FF5-E520-48E0-8DFB-3C65668097F7}.Release_Svr|Win32.ActiveCfg = Release|Win32
		{37232FF5-E520-48E0-8DFB-3C65668097F7}.Release_Svr|Win32.Build.0 = Release|Win32
		{37232FF5-E520-48E0-8DFB-3C65668097F7}.Release|Win32.ActiveCfg = Release|Win32
		{37232FF5-E520-48E0-8DFB-3C65668097F7}.Release|Win32.Build.0 = Release|Win32
	EndGlobalSection
	GlobalSection(SolutionProperties) = preSolution
		HideSolutionNode = FALSE
	EndGlobalSection
EndGlobal
