
Microsoft Visual Studio Solution File, Format Version 9.00
# Visual Studio 2005
Project("{8BC9CEB8-8B4A-11D0-8D11-00A0C91BC942}") = "judger_othello", "judger_othello.vcproj", "{DC32CDFE-649D-41B8-A50D-2FD6EC9E9298}"
	ProjectSection(ProjectDependencies) = postProject
		{E95C8E07-74C8-4099-8DAF-198ADA5D903A} = {E95C8E07-74C8-4099-8DAF-198ADA5D903A}
		{B47F1F00-54C9-4D7B-87CD-8FF5DBFD5F4E} = {B47F1F00-54C9-4D7B-87CD-8FF5DBFD5F4E}
	EndProjectSection
EndProject
Project("{8BC9CEB8-8B4A-11D0-8D11-00A0C91BC942}") = "lib_common", "..\lib_common\lib_common.vcproj", "{B47F1F00-54C9-4D7B-87CD-8FF5DBFD5F4E}"
	ProjectSection(ProjectDependencies) = postProject
		{A1838E41-ABE6-4F21-9D7B-76AA23CC425D} = {A1838E41-ABE6-4F21-9D7B-76AA23CC425D}
	EndProjectSection
EndProject
Project("{8BC9CEB8-8B4A-11D0-8D11-00A0C91BC942}") = "lib_json", "..\lib_json\lib_json.vcproj", "{A1838E41-ABE6-4F21-9D7B-76AA23CC425D}"
EndProject
Project("{8BC9CEB8-8B4A-11D0-8D11-00A0C91BC942}") = "lib_judger", "..\lib_judger\lib_judger.vcproj", "{E95C8E07-74C8-4099-8DAF-198ADA5D903A}"
	ProjectSection(ProjectDependencies) = postProject
		{B47F1F00-54C9-4D7B-87CD-8FF5DBFD5F4E} = {B47F1F00-54C9-4D7B-87CD-8FF5DBFD5F4E}
	EndProjectSection
EndProject
Global
	GlobalSection(SolutionConfigurationPlatforms) = preSolution
		Debug|Win32 = Debug|Win32
		Release|Win32 = Release|Win32
	EndGlobalSection
	GlobalSection(ProjectConfigurationPlatforms) = postSolution
		{DC32CDFE-649D-41B8-A50D-2FD6EC9E9298}.Debug|Win32.ActiveCfg = Debug|Win32
		{DC32CDFE-649D-41B8-A50D-2FD6EC9E9298}.Debug|Win32.Build.0 = Debug|Win32
		{DC32CDFE-649D-41B8-A50D-2FD6EC9E9298}.Release|Win32.ActiveCfg = Release|Win32
		{DC32CDFE-649D-41B8-A50D-2FD6EC9E9298}.Release|Win32.Build.0 = Release|Win32
		{B47F1F00-54C9-4D7B-87CD-8FF5DBFD5F4E}.Debug|Win32.ActiveCfg = Debug|Win32
		{B47F1F00-54C9-4D7B-87CD-8FF5DBFD5F4E}.Debug|Win32.Build.0 = Debug|Win32
		{B47F1F00-54C9-4D7B-87CD-8FF5DBFD5F4E}.Release|Win32.ActiveCfg = Release|Win32
		{B47F1F00-54C9-4D7B-87CD-8FF5DBFD5F4E}.Release|Win32.Build.0 = Release|Win32
		{A1838E41-ABE6-4F21-9D7B-76AA23CC425D}.Debug|Win32.ActiveCfg = Debug|Win32
		{A1838E41-ABE6-4F21-9D7B-76AA23CC425D}.Debug|Win32.Build.0 = Debug|Win32
		{A1838E41-ABE6-4F21-9D7B-76AA23CC425D}.Release|Win32.ActiveCfg = Release|Win32
		{A1838E41-ABE6-4F21-9D7B-76AA23CC425D}.Release|Win32.Build.0 = Release|Win32
		{E95C8E07-74C8-4099-8DAF-198ADA5D903A}.Debug|Win32.ActiveCfg = Debug|Win32
		{E95C8E07-74C8-4099-8DAF-198ADA5D903A}.Debug|Win32.Build.0 = Debug|Win32
		{E95C8E07-74C8-4099-8DAF-198ADA5D903A}.Release|Win32.ActiveCfg = Release|Win32
		{E95C8E07-74C8-4099-8DAF-198ADA5D903A}.Release|Win32.Build.0 = Release|Win32
	EndGlobalSection
	GlobalSection(SolutionProperties) = preSolution
		HideSolutionNode = FALSE
	EndGlobalSection
EndGlobal
